
Microsoft Visual Studio Solution File, Format Version 12.00
# Visual Studio Version 17
VisualStudioVersion = 17.1.32407.343
MinimumVisualStudioVersion = 10.0.40219.1
Project("{FAE04EC0-301F-11D3-BF4B-00C04F79EFBC}") = "BananaReader_audiobooks_ms", "BananaReader_audiobooks_ms.csproj", "{127A4D52-BAD1-4FE0-B99E-E805F2B9DA69}"
EndProject
Global
	GlobalSection(SolutionConfigurationPlatforms) = preSolution
		Debug|Any CPU = Debug|Any CPU
		Release|Any CPU = Release|Any CPU
	EndGlobalSection
	GlobalSection(ProjectConfigurationPlatforms) = postSolution
		{127A4D52-BAD1-4FE0-B99E-E805F2B9DA69}.Debug|Any CPU.ActiveCfg = Debug|Any CPU
		{127A4D52-BAD1-4FE0-B99E-E805F2B9DA69}.Debug|Any CPU.Build.0 = Debug|Any CPU
		{127A4D52-BAD1-4FE0-B99E-E805F2B9DA69}.Release|Any CPU.ActiveCfg = Release|Any CPU
		{127A4D52-BAD1-4FE0-B99E-E805F2B9DA69}.Release|Any CPU.Build.0 = Release|Any CPU
	EndGlobalSection
	GlobalSection(SolutionProperties) = preSolution
		HideSolutionNode = FALSE
	EndGlobalSection
	GlobalSection(ExtensibilityGlobals) = postSolution
		SolutionGuid = {3D659FDB-70D8-4059-A606-BAC680CD63F1}
	EndGlobalSection
EndGlobal
